// !$*UTF8*$!
{
	archiveVersion = 1;
	classes = {
	};
	objectVersion = 55;
	objects = {

/* Begin PBXBuildFile section */
		13802D121192C213BE7AA538 /* Pods_SchoolTimetable.framework in Frameworks */ = {isa = PBXBuildFile; fileRef = 02E87F6E7B75E8C06853A6EA /* Pods_SchoolTimetable.framework */; };
		5237421128B9039A003FAA47 /* AppDelegate.swift in Sources */ = {isa = PBXBuildFile; fileRef = 5237421028B9039A003FAA47 /* AppDelegate.swift */; };
		5237421328B9039A003FAA47 /* SceneDelegate.swift in Sources */ = {isa = PBXBuildFile; fileRef = 5237421228B9039A003FAA47 /* SceneDelegate.swift */; };
		5237421A28B9039B003FAA47 /* Assets.xcassets in Resources */ = {isa = PBXBuildFile; fileRef = 5237421928B9039B003FAA47 /* Assets.xcassets */; };
		5237421D28B9039B003FAA47 /* LaunchScreen.storyboard in Resources */ = {isa = PBXBuildFile; fileRef = 5237421B28B9039B003FAA47 /* LaunchScreen.storyboard */; };
		52AD8D8828BA3F81001C77F2 /* ScheduleVC.swift in Sources */ = {isa = PBXBuildFile; fileRef = 52AD8D8728BA3F81001C77F2 /* ScheduleVC.swift */; };
		52AD8D8B28BB506B001C77F2 /* TabBarVC.swift in Sources */ = {isa = PBXBuildFile; fileRef = 52AD8D8A28BB506B001C77F2 /* TabBarVC.swift */; };
		52AD8D8D28BB520D001C77F2 /* TasksVC.swift in Sources */ = {isa = PBXBuildFile; fileRef = 52AD8D8C28BB520D001C77F2 /* TasksVC.swift */; };
		52AD8D8F28BB5216001C77F2 /* ContactsTVC.swift in Sources */ = {isa = PBXBuildFile; fileRef = 52AD8D8E28BB5216001C77F2 /* ContactsTVC.swift */; };
		52EF279228BB790600182438 /* TasksTVCell.swift in Sources */ = {isa = PBXBuildFile; fileRef = 52EF279128BB790600182438 /* TasksTVCell.swift */; };
		52EF279528BB7B2100182438 /* AlertDate.swift in Sources */ = {isa = PBXBuildFile; fileRef = 52EF279428BB7B2100182438 /* AlertDate.swift */; };
		52EF279728BB7B5700182438 /* AlertForCellName.swift in Sources */ = {isa = PBXBuildFile; fileRef = 52EF279628BB7B5700182438 /* AlertForCellName.swift */; };
		52EF279928BB7B9F00182438 /* AlertOfTeacher.swift in Sources */ = {isa = PBXBuildFile; fileRef = 52EF279828BB7B9F00182438 /* AlertOfTeacher.swift */; };
		52EF279B28BB7BBE00182438 /* AlertOk.swift in Sources */ = {isa = PBXBuildFile; fileRef = 52EF279A28BB7BBE00182438 /* AlertOk.swift */; };
		52EF279D28BB7BD700182438 /* AlertPhotoCamera.swift in Sources */ = {isa = PBXBuildFile; fileRef = 52EF279C28BB7BD700182438 /* AlertPhotoCamera.swift */; };
		52EF279F28BB7C0400182438 /* AlertTime.swift in Sources */ = {isa = PBXBuildFile; fileRef = 52EF279E28BB7C0400182438 /* AlertTime.swift */; };
		52EF27A128BB7C7100182438 /* UIAlertControllerError.swift in Sources */ = {isa = PBXBuildFile; fileRef = 52EF27A028BB7C7100182438 /* UIAlertControllerError.swift */; };
		52EF27A328BB7CB600182438 /* UIColor + Ext.swift in Sources */ = {isa = PBXBuildFile; fileRef = 52EF27A228BB7CB600182438 /* UIColor + Ext.swift */; };
		52EF27A528BB7CEA00182438 /* UILabel + Ext.swift in Sources */ = {isa = PBXBuildFile; fileRef = 52EF27A428BB7CEA00182438 /* UILabel + Ext.swift */; };
		52EF27A728BB7D1100182438 /* UIStackView + Ext.swift in Sources */ = {isa = PBXBuildFile; fileRef = 52EF27A628BB7D1100182438 /* UIStackView + Ext.swift */; };
		52EF27A928BB80E600182438 /* ScheduleTVCell.swift in Sources */ = {isa = PBXBuildFile; fileRef = 52EF27A828BB80E600182438 /* ScheduleTVCell.swift */; };
		52EF27AB28BB902E00182438 /* UIFont + Ext.swift in Sources */ = {isa = PBXBuildFile; fileRef = 52EF27AA28BB902E00182438 /* UIFont + Ext.swift */; };
		52EF27AD28BB91FE00182438 /* PressReadyButtonProtocol.swift in Sources */ = {isa = PBXBuildFile; fileRef = 52EF27AC28BB91FE00182438 /* PressReadyButtonProtocol.swift */; };
		52EF27AF28BB9CCC00182438 /* ScheduleOptionTVC.swift in Sources */ = {isa = PBXBuildFile; fileRef = 52EF27AE28BB9CCC00182438 /* ScheduleOptionTVC.swift */; };
		52EF27B128BB9EFD00182438 /* ColorTVCell.swift in Sources */ = {isa = PBXBuildFile; fileRef = 52EF27B028BB9EFD00182438 /* ColorTVCell.swift */; };
		52EF27B328BB9F1200182438 /* OptionHTCell.swift in Sources */ = {isa = PBXBuildFile; fileRef = 52EF27B228BB9F1200182438 /* OptionHTCell.swift */; };
		52EF27B528BB9F2F00182438 /* OptionTVCell.swift in Sources */ = {isa = PBXBuildFile; fileRef = 52EF27B428BB9F2F00182438 /* OptionTVCell.swift */; };
		52EF27B828BBEE4600182438 /* ContactsTicherVC.swift in Sources */ = {isa = PBXBuildFile; fileRef = 52EF27B728BBEE4600182438 /* ContactsTicherVC.swift */; };
		52EF27BA28BBEE8800182438 /* ScheduleColorVC.swift in Sources */ = {isa = PBXBuildFile; fileRef = 52EF27B928BBEE8800182438 /* ScheduleColorVC.swift */; };
		52EF27BD28BC7C3600182438 /* TasksOptionTVC.swift in Sources */ = {isa = PBXBuildFile; fileRef = 52EF27BC28BC7C3600182438 /* TasksOptionTVC.swift */; };
		52EF27BF28BC7CAA00182438 /* TasksColorTVC.swift in Sources */ = {isa = PBXBuildFile; fileRef = 52EF27BE28BC7CAA00182438 /* TasksColorTVC.swift */; };
		52EF27C128BC84DE00182438 /* RealmManager.swift in Sources */ = {isa = PBXBuildFile; fileRef = 52EF27C028BC84DE00182438 /* RealmManager.swift */; };
		52EF27C328BC84FF00182438 /* ScheduleModel.swift in Sources */ = {isa = PBXBuildFile; fileRef = 52EF27C228BC84FE00182438 /* ScheduleModel.swift */; };
		52EF27C628BC869A00182438 /* ContactsTVCell.swift in Sources */ = {isa = PBXBuildFile; fileRef = 52EF27C528BC869A00182438 /* ContactsTVCell.swift */; };
		52EF27C828BC970E00182438 /* ContactsOptionTVC.swift in Sources */ = {isa = PBXBuildFile; fileRef = 52EF27C728BC970E00182438 /* ContactsOptionTVC.swift */; };
		52EF27CA28BDE1BA00182438 /* TasksModel.swift in Sources */ = {isa = PBXBuildFile; fileRef = 52EF27C928BDE1BA00182438 /* TasksModel.swift */; };
		52EF27CC28BDE1E800182438 /* ContactsModel.swift in Sources */ = {isa = PBXBuildFile; fileRef = 52EF27CB28BDE1E800182438 /* ContactsModel.swift */; };
/* End PBXBuildFile section */

/* Begin PBXFileReference section */
		02E87F6E7B75E8C06853A6EA /* Pods_SchoolTimetable.framework */ = {isa = PBXFileReference; explicitFileType = wrapper.framework; includeInIndex = 0; path = Pods_SchoolTimetable.framework; sourceTree = BUILT_PRODUCTS_DIR; };
		5237420D28B9039A003FAA47 /* SchoolTimetable.app */ = {isa = PBXFileReference; explicitFileType = wrapper.application; includeInIndex = 0; path = SchoolTimetable.app; sourceTree = BUILT_PRODUCTS_DIR; };
		5237421028B9039A003FAA47 /* AppDelegate.swift */ = {isa = PBXFileReference; lastKnownFileType = sourcecode.swift; path = AppDelegate.swift; sourceTree = "<group>"; };
		5237421228B9039A003FAA47 /* SceneDelegate.swift */ = {isa = PBXFileReference; lastKnownFileType = sourcecode.swift; path = SceneDelegate.swift; sourceTree = "<group>"; };
		5237421928B9039B003FAA47 /* Assets.xcassets */ = {isa = PBXFileReference; lastKnownFileType = folder.assetcatalog; path = Assets.xcassets; sourceTree = "<group>"; };
		5237421C28B9039B003FAA47 /* Base */ = {isa = PBXFileReference; lastKnownFileType = file.storyboard; name = Base; path = Base.lproj/LaunchScreen.storyboard; sourceTree = "<group>"; };
		5237421E28B9039B003FAA47 /* Info.plist */ = {isa = PBXFileReference; lastKnownFileType = text.plist.xml; path = Info.plist; sourceTree = "<group>"; };
		52AD8D8728BA3F81001C77F2 /* ScheduleVC.swift */ = {isa = PBXFileReference; lastKnownFileType = sourcecode.swift; path = ScheduleVC.swift; sourceTree = "<group>"; };
		52AD8D8A28BB506B001C77F2 /* TabBarVC.swift */ = {isa = PBXFileReference; lastKnownFileType = sourcecode.swift; path = TabBarVC.swift; sourceTree = "<group>"; };
		52AD8D8C28BB520D001C77F2 /* TasksVC.swift */ = {isa = PBXFileReference; lastKnownFileType = sourcecode.swift; path = TasksVC.swift; sourceTree = "<group>"; };
		52AD8D8E28BB5216001C77F2 /* ContactsTVC.swift */ = {isa = PBXFileReference; lastKnownFileType = sourcecode.swift; path = ContactsTVC.swift; sourceTree = "<group>"; };
		52EF279128BB790600182438 /* TasksTVCell.swift */ = {isa = PBXFileReference; lastKnownFileType = sourcecode.swift; path = TasksTVCell.swift; sourceTree = "<group>"; };
		52EF279428BB7B2100182438 /* AlertDate.swift */ = {isa = PBXFileReference; lastKnownFileType = sourcecode.swift; path = AlertDate.swift; sourceTree = "<group>"; };
		52EF279628BB7B5700182438 /* AlertForCellName.swift */ = {isa = PBXFileReference; lastKnownFileType = sourcecode.swift; path = AlertForCellName.swift; sourceTree = "<group>"; };
		52EF279828BB7B9F00182438 /* AlertOfTeacher.swift */ = {isa = PBXFileReference; lastKnownFileType = sourcecode.swift; path = AlertOfTeacher.swift; sourceTree = "<group>"; };
		52EF279A28BB7BBE00182438 /* AlertOk.swift */ = {isa = PBXFileReference; lastKnownFileType = sourcecode.swift; path = AlertOk.swift; sourceTree = "<group>"; };
		52EF279C28BB7BD700182438 /* AlertPhotoCamera.swift */ = {isa = PBXFileReference; lastKnownFileType = sourcecode.swift; path = AlertPhotoCamera.swift; sourceTree = "<group>"; };
		52EF279E28BB7C0400182438 /* AlertTime.swift */ = {isa = PBXFileReference; lastKnownFileType = sourcecode.swift; path = AlertTime.swift; sourceTree = "<group>"; };
		52EF27A028BB7C7100182438 /* UIAlertControllerError.swift */ = {isa = PBXFileReference; lastKnownFileType = sourcecode.swift; path = UIAlertControllerError.swift; sourceTree = "<group>"; };
		52EF27A228BB7CB600182438 /* UIColor + Ext.swift */ = {isa = PBXFileReference; lastKnownFileType = sourcecode.swift; path = "UIColor + Ext.swift"; sourceTree = "<group>"; };
		52EF27A428BB7CEA00182438 /* UILabel + Ext.swift */ = {isa = PBXFileReference; lastKnownFileType = sourcecode.swift; path = "UILabel + Ext.swift"; sourceTree = "<group>"; };
		52EF27A628BB7D1100182438 /* UIStackView + Ext.swift */ = {isa = PBXFileReference; lastKnownFileType = sourcecode.swift; path = "UIStackView + Ext.swift"; sourceTree = "<group>"; };
		52EF27A828BB80E600182438 /* ScheduleTVCell.swift */ = {isa = PBXFileReference; lastKnownFileType = sourcecode.swift; path = ScheduleTVCell.swift; sourceTree = "<group>"; };
		52EF27AA28BB902E00182438 /* UIFont + Ext.swift */ = {isa = PBXFileReference; lastKnownFileType = sourcecode.swift; path = "UIFont + Ext.swift"; sourceTree = "<group>"; };
		52EF27AC28BB91FE00182438 /* PressReadyButtonProtocol.swift */ = {isa = PBXFileReference; lastKnownFileType = sourcecode.swift; path = PressReadyButtonProtocol.swift; sourceTree = "<group>"; };
		52EF27AE28BB9CCC00182438 /* ScheduleOptionTVC.swift */ = {isa = PBXFileReference; lastKnownFileType = sourcecode.swift; path = ScheduleOptionTVC.swift; sourceTree = "<group>"; };
		52EF27B028BB9EFD00182438 /* ColorTVCell.swift */ = {isa = PBXFileReference; lastKnownFileType = sourcecode.swift; path = ColorTVCell.swift; sourceTree = "<group>"; };
		52EF27B228BB9F1200182438 /* OptionHTCell.swift */ = {isa = PBXFileReference; lastKnownFileType = sourcecode.swift; path = OptionHTCell.swift; sourceTree = "<group>"; };
		52EF27B428BB9F2F00182438 /* OptionTVCell.swift */ = {isa = PBXFileReference; lastKnownFileType = sourcecode.swift; path = OptionTVCell.swift; sourceTree = "<group>"; };
		52EF27B728BBEE4600182438 /* ContactsTicherVC.swift */ = {isa = PBXFileReference; lastKnownFileType = sourcecode.swift; path = ContactsTicherVC.swift; sourceTree = "<group>"; };
		52EF27B928BBEE8800182438 /* ScheduleColorVC.swift */ = {isa = PBXFileReference; lastKnownFileType = sourcecode.swift; path = ScheduleColorVC.swift; sourceTree = "<group>"; };
		52EF27BC28BC7C3600182438 /* TasksOptionTVC.swift */ = {isa = PBXFileReference; lastKnownFileType = sourcecode.swift; path = TasksOptionTVC.swift; sourceTree = "<group>"; };
		52EF27BE28BC7CAA00182438 /* TasksColorTVC.swift */ = {isa = PBXFileReference; lastKnownFileType = sourcecode.swift; path = TasksColorTVC.swift; sourceTree = "<group>"; };
		52EF27C028BC84DE00182438 /* RealmManager.swift */ = {isa = PBXFileReference; lastKnownFileType = sourcecode.swift; path = RealmManager.swift; sourceTree = "<group>"; };
		52EF27C228BC84FE00182438 /* ScheduleModel.swift */ = {isa = PBXFileReference; lastKnownFileType = sourcecode.swift; path = ScheduleModel.swift; sourceTree = "<group>"; };
		52EF27C528BC869A00182438 /* ContactsTVCell.swift */ = {isa = PBXFileReference; lastKnownFileType = sourcecode.swift; path = ContactsTVCell.swift; sourceTree = "<group>"; };
		52EF27C728BC970E00182438 /* ContactsOptionTVC.swift */ = {isa = PBXFileReference; lastKnownFileType = sourcecode.swift; path = ContactsOptionTVC.swift; sourceTree = "<group>"; };
		52EF27C928BDE1BA00182438 /* TasksModel.swift */ = {isa = PBXFileReference; lastKnownFileType = sourcecode.swift; path = TasksModel.swift; sourceTree = "<group>"; };
		52EF27CB28BDE1E800182438 /* ContactsModel.swift */ = {isa = PBXFileReference; lastKnownFileType = sourcecode.swift; path = ContactsModel.swift; sourceTree = "<group>"; };
		AB157861A9E3A36ED6100C18 /* Pods-SchoolTimetable.debug.xcconfig */ = {isa = PBXFileReference; includeInIndex = 1; lastKnownFileType = text.xcconfig; name = "Pods-SchoolTimetable.debug.xcconfig"; path = "Target Support Files/Pods-SchoolTimetable/Pods-SchoolTimetable.debug.xcconfig"; sourceTree = "<group>"; };
		E0B85047427947159FA3CAEB /* Pods-SchoolTimetable.release.xcconfig */ = {isa = PBXFileReference; includeInIndex = 1; lastKnownFileType = text.xcconfig; name = "Pods-SchoolTimetable.release.xcconfig"; path = "Target Support Files/Pods-SchoolTimetable/Pods-SchoolTimetable.release.xcconfig"; sourceTree = "<group>"; };
/* End PBXFileReference section */

/* Begin PBXFrameworksBuildPhase section */
		5237420A28B9039A003FAA47 /* Frameworks */ = {
			isa = PBXFrameworksBuildPhase;
			buildActionMask = 2147483647;
			files = (
				13802D121192C213BE7AA538 /* Pods_SchoolTimetable.framework in Frameworks */,
			);
			runOnlyForDeploymentPostprocessing = 0;
		};
/* End PBXFrameworksBuildPhase section */

/* Begin PBXGroup section */
		12456AE635FA02196BE48AEA /* Pods */ = {
			isa = PBXGroup;
			children = (
				AB157861A9E3A36ED6100C18 /* Pods-SchoolTimetable.debug.xcconfig */,
				E0B85047427947159FA3CAEB /* Pods-SchoolTimetable.release.xcconfig */,
			);
			path = Pods;
			sourceTree = "<group>";
		};
		5237420428B9039A003FAA47 = {
			isa = PBXGroup;
			children = (
				5237420F28B9039A003FAA47 /* SchoolTimetable */,
				5237420E28B9039A003FAA47 /* Products */,
				12456AE635FA02196BE48AEA /* Pods */,
				A462DBB73C6EA95D8BBB2FBA /* Frameworks */,
			);
			sourceTree = "<group>";
		};
		5237420E28B9039A003FAA47 /* Products */ = {
			isa = PBXGroup;
			children = (
				5237420D28B9039A003FAA47 /* SchoolTimetable.app */,
			);
			name = Products;
			sourceTree = "<group>";
		};
		5237420F28B9039A003FAA47 /* SchoolTimetable */ = {
			isa = PBXGroup;
			children = (
				5237422428B903CC003FAA47 /* Aplication */,
				5237422728B903F2003FAA47 /* Model */,
				5237422628B903EB003FAA47 /* Views */,
				5237422528B903DB003FAA47 /* Controllers */,
				5237422828B90400003FAA47 /* Resorces */,
				5237422B28B9046B003FAA47 /* Helpers */,
				5237422A28B9045D003FAA47 /* Services */,
				5237422928B90412003FAA47 /* Protocols */,
				5237421928B9039B003FAA47 /* Assets.xcassets */,
				5237421B28B9039B003FAA47 /* LaunchScreen.storyboard */,
				5237421E28B9039B003FAA47 /* Info.plist */,
			);
			path = SchoolTimetable;
			sourceTree = "<group>";
		};
		5237422428B903CC003FAA47 /* Aplication */ = {
			isa = PBXGroup;
			children = (
				5237421028B9039A003FAA47 /* AppDelegate.swift */,
				5237421228B9039A003FAA47 /* SceneDelegate.swift */,
			);
			path = Aplication;
			sourceTree = "<group>";
		};
		5237422528B903DB003FAA47 /* Controllers */ = {
			isa = PBXGroup;
			children = (
				52AD8D8928BB5059001C77F2 /* TabBarController */,
				5237422C28B9049A003FAA47 /* ScheduleVC */,
				5237422D28B904A7003FAA47 /* TasksVC */,
				5237422E28B904B3003FAA47 /* ContactsVC */,
			);
			path = Controllers;
			sourceTree = "<group>";
		};
		5237422628B903EB003FAA47 /* Views */ = {
			isa = PBXGroup;
			children = (
				5237422F28B904EB003FAA47 /* Cells */,
				52EF279428BB7B2100182438 /* AlertDate.swift */,
				52EF279628BB7B5700182438 /* AlertForCellName.swift */,
				52EF279828BB7B9F00182438 /* AlertOfTeacher.swift */,
				52EF279A28BB7BBE00182438 /* AlertOk.swift */,
				52EF279C28BB7BD700182438 /* AlertPhotoCamera.swift */,
				52EF279E28BB7C0400182438 /* AlertTime.swift */,
			);
			path = Views;
			sourceTree = "<group>";
		};
		5237422728B903F2003FAA47 /* Model */ = {
			isa = PBXGroup;
			children = (
				52EF27C228BC84FE00182438 /* ScheduleModel.swift */,
				52EF27C928BDE1BA00182438 /* TasksModel.swift */,
				52EF27CB28BDE1E800182438 /* ContactsModel.swift */,
			);
			path = Model;
			sourceTree = "<group>";
		};
		5237422828B90400003FAA47 /* Resorces */ = {
			isa = PBXGroup;
			children = (
			);
			path = Resorces;
			sourceTree = "<group>";
		};
		5237422928B90412003FAA47 /* Protocols */ = {
			isa = PBXGroup;
			children = (
				52EF27AC28BB91FE00182438 /* PressReadyButtonProtocol.swift */,
			);
			path = Protocols;
			sourceTree = "<group>";
		};
		5237422A28B9045D003FAA47 /* Services */ = {
			isa = PBXGroup;
			children = (
				52EF27C028BC84DE00182438 /* RealmManager.swift */,
			);
			path = Services;
			sourceTree = "<group>";
		};
		5237422B28B9046B003FAA47 /* Helpers */ = {
			isa = PBXGroup;
			children = (
				52EF27A028BB7C7100182438 /* UIAlertControllerError.swift */,
				52EF27A228BB7CB600182438 /* UIColor + Ext.swift */,
				52EF27A428BB7CEA00182438 /* UILabel + Ext.swift */,
				52EF27A628BB7D1100182438 /* UIStackView + Ext.swift */,
				52EF27AA28BB902E00182438 /* UIFont + Ext.swift */,
			);
			path = Helpers;
			sourceTree = "<group>";
		};
		5237422C28B9049A003FAA47 /* ScheduleVC */ = {
			isa = PBXGroup;
			children = (
				5237423028B90501003FAA47 /* View */,
				52AD8D8728BA3F81001C77F2 /* ScheduleVC.swift */,
				52EF27AE28BB9CCC00182438 /* ScheduleOptionTVC.swift */,
				52EF27B928BBEE8800182438 /* ScheduleColorVC.swift */,
			);
			path = ScheduleVC;
			sourceTree = "<group>";
		};
		5237422D28B904A7003FAA47 /* TasksVC */ = {
			isa = PBXGroup;
			children = (
				5237423128B90508003FAA47 /* View */,
				52AD8D8C28BB520D001C77F2 /* TasksVC.swift */,
				52EF27BC28BC7C3600182438 /* TasksOptionTVC.swift */,
				52EF27BE28BC7CAA00182438 /* TasksColorTVC.swift */,
			);
			path = TasksVC;
			sourceTree = "<group>";
		};
		5237422E28B904B3003FAA47 /* ContactsVC */ = {
			isa = PBXGroup;
			children = (
				5237423228B90511003FAA47 /* View */,
				52AD8D8E28BB5216001C77F2 /* ContactsTVC.swift */,
				52EF27B728BBEE4600182438 /* ContactsTicherVC.swift */,
				52EF27C728BC970E00182438 /* ContactsOptionTVC.swift */,
			);
			path = ContactsVC;
			sourceTree = "<group>";
		};
		5237422F28B904EB003FAA47 /* Cells */ = {
			isa = PBXGroup;
			children = (
				52EF27B028BB9EFD00182438 /* ColorTVCell.swift */,
				52EF27B228BB9F1200182438 /* OptionHTCell.swift */,
				52EF27B428BB9F2F00182438 /* OptionTVCell.swift */,
			);
			path = Cells;
			sourceTree = "<group>";
		};
		5237423028B90501003FAA47 /* View */ = {
			isa = PBXGroup;
			children = (
				52EF27A828BB80E600182438 /* ScheduleTVCell.swift */,
			);
			path = View;
			sourceTree = "<group>";
		};
		5237423128B90508003FAA47 /* View */ = {
			isa = PBXGroup;
			children = (
				52EF279128BB790600182438 /* TasksTVCell.swift */,
			);
			path = View;
			sourceTree = "<group>";
		};
		5237423228B90511003FAA47 /* View */ = {
			isa = PBXGroup;
			children = (
				52EF27C528BC869A00182438 /* ContactsTVCell.swift */,
			);
			path = View;
			sourceTree = "<group>";
		};
		52AD8D8928BB5059001C77F2 /* TabBarController */ = {
			isa = PBXGroup;
			children = (
				52AD8D8A28BB506B001C77F2 /* TabBarVC.swift */,
			);
			path = TabBarController;
			sourceTree = "<group>";
		};
		A462DBB73C6EA95D8BBB2FBA /* Frameworks */ = {
			isa = PBXGroup;
			children = (
				02E87F6E7B75E8C06853A6EA /* Pods_SchoolTimetable.framework */,
			);
			name = Frameworks;
			sourceTree = "<group>";
		};
/* End PBXGroup section */

/* Begin PBXNativeTarget section */
		5237420C28B9039A003FAA47 /* SchoolTimetable */ = {
			isa = PBXNativeTarget;
			buildConfigurationList = 5237422128B9039B003FAA47 /* Build configuration list for PBXNativeTarget "SchoolTimetable" */;
			buildPhases = (
				0E0F47EDABC8688B2C804E6C /* [CP] Check Pods Manifest.lock */,
				5237420928B9039A003FAA47 /* Sources */,
				5237420A28B9039A003FAA47 /* Frameworks */,
				5237420B28B9039A003FAA47 /* Resources */,
				04FAA5AE407C2A6C25C82E06 /* [CP] Embed Pods Frameworks */,
			);
			buildRules = (
			);
			dependencies = (
			);
			name = SchoolTimetable;
			productName = SchoolTimetable;
			productReference = 5237420D28B9039A003FAA47 /* SchoolTimetable.app */;
			productType = "com.apple.product-type.application";
		};
/* End PBXNativeTarget section */

/* Begin PBXProject section */
		5237420528B9039A003FAA47 /* Project object */ = {
			isa = PBXProject;
			attributes = {
				BuildIndependentTargetsInParallel = 1;
				LastSwiftUpdateCheck = 1310;
				LastUpgradeCheck = 1310;
				TargetAttributes = {
					5237420C28B9039A003FAA47 = {
						CreatedOnToolsVersion = 13.1;
					};
				};
			};
			buildConfigurationList = 5237420828B9039A003FAA47 /* Build configuration list for PBXProject "SchoolTimetable" */;
			compatibilityVersion = "Xcode 13.0";
			developmentRegion = en;
			hasScannedForEncodings = 0;
			knownRegions = (
				en,
				Base,
			);
			mainGroup = 5237420428B9039A003FAA47;
			productRefGroup = 5237420E28B9039A003FAA47 /* Products */;
			projectDirPath = "";
			projectRoot = "";
			targets = (
				5237420C28B9039A003FAA47 /* SchoolTimetable */,
			);
		};
/* End PBXProject section */

/* Begin PBXResourcesBuildPhase section */
		5237420B28B9039A003FAA47 /* Resources */ = {
			isa = PBXResourcesBuildPhase;
			buildActionMask = 2147483647;
			files = (
				5237421D28B9039B003FAA47 /* LaunchScreen.storyboard in Resources */,
				5237421A28B9039B003FAA47 /* Assets.xcassets in Resources */,
			);
			runOnlyForDeploymentPostprocessing = 0;
		};
/* End PBXResourcesBuildPhase section */

/* Begin PBXShellScriptBuildPhase section */
		04FAA5AE407C2A6C25C82E06 /* [CP] Embed Pods Frameworks */ = {
			isa = PBXShellScriptBuildPhase;
			buildActionMask = 2147483647;
			files = (
			);
			inputFileListPaths = (
				"${PODS_ROOT}/Target Support Files/Pods-SchoolTimetable/Pods-SchoolTimetable-frameworks-${CONFIGURATION}-input-files.xcfilelist",
			);
			name = "[CP] Embed Pods Frameworks";
			outputFileListPaths = (
				"${PODS_ROOT}/Target Support Files/Pods-SchoolTimetable/Pods-SchoolTimetable-frameworks-${CONFIGURATION}-output-files.xcfilelist",
			);
			runOnlyForDeploymentPostprocessing = 0;
			shellPath = /bin/sh;
			shellScript = "\"${PODS_ROOT}/Target Support Files/Pods-SchoolTimetable/Pods-SchoolTimetable-frameworks.sh\"\n";
			showEnvVarsInLog = 0;
		};
		0E0F47EDABC8688B2C804E6C /* [CP] Check Pods Manifest.lock */ = {
			isa = PBXShellScriptBuildPhase;
			buildActionMask = 2147483647;
			files = (
			);
			inputFileListPaths = (
			);
			inputPaths = (
				"${PODS_PODFILE_DIR_PATH}/Podfile.lock",
				"${PODS_ROOT}/Manifest.lock",
			);
			name = "[CP] Check Pods Manifest.lock";
			outputFileListPaths = (
			);
			outputPaths = (
				"$(DERIVED_FILE_DIR)/Pods-SchoolTimetable-checkManifestLockResult.txt",
			);
			runOnlyForDeploymentPostprocessing = 0;
			shellPath = /bin/sh;
			shellScript = "diff \"${PODS_PODFILE_DIR_PATH}/Podfile.lock\" \"${PODS_ROOT}/Manifest.lock\" > /dev/null\nif [ $? != 0 ] ; then\n    # print error to STDERR\n    echo \"error: The sandbox is not in sync with the Podfile.lock. Run 'pod install' or update your CocoaPods installation.\" >&2\n    exit 1\nfi\n# This output is used by Xcode 'outputs' to avoid re-running this script phase.\necho \"SUCCESS\" > \"${SCRIPT_OUTPUT_FILE_0}\"\n";
			showEnvVarsInLog = 0;
		};
/* End PBXShellScriptBuildPhase section */

/* Begin PBXSourcesBuildPhase section */
		5237420928B9039A003FAA47 /* Sources */ = {
			isa = PBXSourcesBuildPhase;
			buildActionMask = 2147483647;
			files = (
				52EF27CC28BDE1E800182438 /* ContactsModel.swift in Sources */,
				52EF27B528BB9F2F00182438 /* OptionTVCell.swift in Sources */,
				52EF279D28BB7BD700182438 /* AlertPhotoCamera.swift in Sources */,
				52EF279928BB7B9F00182438 /* AlertOfTeacher.swift in Sources */,
				52EF279528BB7B2100182438 /* AlertDate.swift in Sources */,
				5237421128B9039A003FAA47 /* AppDelegate.swift in Sources */,
				52EF27AF28BB9CCC00182438 /* ScheduleOptionTVC.swift in Sources */,
				5237421328B9039A003FAA47 /* SceneDelegate.swift in Sources */,
				52EF279B28BB7BBE00182438 /* AlertOk.swift in Sources */,
				52EF27A928BB80E600182438 /* ScheduleTVCell.swift in Sources */,
				52EF27B828BBEE4600182438 /* ContactsTicherVC.swift in Sources */,
				52EF27AD28BB91FE00182438 /* PressReadyButtonProtocol.swift in Sources */,
				52AD8D8D28BB520D001C77F2 /* TasksVC.swift in Sources */,
				52EF27C328BC84FF00182438 /* ScheduleModel.swift in Sources */,
				52EF27C628BC869A00182438 /* ContactsTVCell.swift in Sources */,
				52EF27A328BB7CB600182438 /* UIColor + Ext.swift in Sources */,
				52EF27BA28BBEE8800182438 /* ScheduleColorVC.swift in Sources */,
				52EF27C128BC84DE00182438 /* RealmManager.swift in Sources */,
				52EF27A528BB7CEA00182438 /* UILabel + Ext.swift in Sources */,
				52EF27A128BB7C7100182438 /* UIAlertControllerError.swift in Sources */,
				52EF27BD28BC7C3600182438 /* TasksOptionTVC.swift in Sources */,
				52AD8D8B28BB506B001C77F2 /* TabBarVC.swift in Sources */,
				52EF27AB28BB902E00182438 /* UIFont + Ext.swift in Sources */,
				52AD8D8828BA3F81001C77F2 /* ScheduleVC.swift in Sources */,
				52EF27C828BC970E00182438 /* ContactsOptionTVC.swift in Sources */,
				52EF27BF28BC7CAA00182438 /* TasksColorTVC.swift in Sources */,
				52EF279F28BB7C0400182438 /* AlertTime.swift in Sources */,
				52EF279228BB790600182438 /* TasksTVCell.swift in Sources */,
				52EF279728BB7B5700182438 /* AlertForCellName.swift in Sources */,
				52EF27B328BB9F1200182438 /* OptionHTCell.swift in Sources */,
				52EF27A728BB7D1100182438 /* UIStackView + Ext.swift in Sources */,
				52AD8D8F28BB5216001C77F2 /* ContactsTVC.swift in Sources */,
				52EF27B128BB9EFD00182438 /* ColorTVCell.swift in Sources */,
				52EF27CA28BDE1BA00182438 /* TasksModel.swift in Sources */,
			);
			runOnlyForDeploymentPostprocessing = 0;
		};
/* End PBXSourcesBuildPhase section */

/* Begin PBXVariantGroup section */
		5237421B28B9039B003FAA47 /* LaunchScreen.storyboard */ = {
			isa = PBXVariantGroup;
			children = (
				5237421C28B9039B003FAA47 /* Base */,
			);
			name = LaunchScreen.storyboard;
			sourceTree = "<group>";
		};
/* End PBXVariantGroup section */

/* Begin XCBuildConfiguration section */
		5237421F28B9039B003FAA47 /* Debug */ = {
			isa = XCBuildConfiguration;
			buildSettings = {
				ALWAYS_SEARCH_USER_PATHS = NO;
				CLANG_ANALYZER_NONNULL = YES;
				CLANG_ANALYZER_NUMBER_OBJECT_CONVERSION = YES_AGGRESSIVE;
				CLANG_CXX_LANGUAGE_STANDARD = "gnu++17";
				CLANG_CXX_LIBRARY = "libc++";
				CLANG_ENABLE_MODULES = YES;
				CLANG_ENABLE_OBJC_ARC = YES;
				CLANG_ENABLE_OBJC_WEAK = YES;
				CLANG_WARN_BLOCK_CAPTURE_AUTORELEASING = YES;
				CLANG_WARN_BOOL_CONVERSION = YES;
				CLANG_WARN_COMMA = YES;
				CLANG_WARN_CONSTANT_CONVERSION = YES;
				CLANG_WARN_DEPRECATED_OBJC_IMPLEMENTATIONS = YES;
				CLANG_WARN_DIRECT_OBJC_ISA_USAGE = YES_ERROR;
				CLANG_WARN_DOCUMENTATION_COMMENTS = YES;
				CLANG_WARN_EMPTY_BODY = YES;
				CLANG_WARN_ENUM_CONVERSION = YES;
				CLANG_WARN_INFINITE_RECURSION = YES;
				CLANG_WARN_INT_CONVERSION = YES;
				CLANG_WARN_NON_LITERAL_NULL_CONVERSION = YES;
				CLANG_WARN_OBJC_IMPLICIT_RETAIN_SELF = YES;
				CLANG_WARN_OBJC_LITERAL_CONVERSION = YES;
				CLANG_WARN_OBJC_ROOT_CLASS = YES_ERROR;
				CLANG_WARN_QUOTED_INCLUDE_IN_FRAMEWORK_HEADER = YES;
				CLANG_WARN_RANGE_LOOP_ANALYSIS = YES;
				CLANG_WARN_STRICT_PROTOTYPES = YES;
				CLANG_WARN_SUSPICIOUS_MOVE = YES;
				CLANG_WARN_UNGUARDED_AVAILABILITY = YES_AGGRESSIVE;
				CLANG_WARN_UNREACHABLE_CODE = YES;
				CLANG_WARN__DUPLICATE_METHOD_MATCH = YES;
				COPY_PHASE_STRIP = NO;
				DEBUG_INFORMATION_FORMAT = dwarf;
				ENABLE_STRICT_OBJC_MSGSEND = YES;
				ENABLE_TESTABILITY = YES;
				GCC_C_LANGUAGE_STANDARD = gnu11;
				GCC_DYNAMIC_NO_PIC = NO;
				GCC_NO_COMMON_BLOCKS = YES;
				GCC_OPTIMIZATION_LEVEL = 0;
				GCC_PREPROCESSOR_DEFINITIONS = (
					"DEBUG=1",
					"$(inherited)",
				);
				GCC_WARN_64_TO_32_BIT_CONVERSION = YES;
				GCC_WARN_ABOUT_RETURN_TYPE = YES_ERROR;
				GCC_WARN_UNDECLARED_SELECTOR = YES;
				GCC_WARN_UNINITIALIZED_AUTOS = YES_AGGRESSIVE;
				GCC_WARN_UNUSED_FUNCTION = YES;
				GCC_WARN_UNUSED_VARIABLE = YES;
				IPHONEOS_DEPLOYMENT_TARGET = 15.0;
				MTL_ENABLE_DEBUG_INFO = INCLUDE_SOURCE;
				MTL_FAST_MATH = YES;
				ONLY_ACTIVE_ARCH = YES;
				SDKROOT = iphoneos;
				SWIFT_ACTIVE_COMPILATION_CONDITIONS = DEBUG;
				SWIFT_OPTIMIZATION_LEVEL = "-Onone";
			};
			name = Debug;
		};
		5237422028B9039B003FAA47 /* Release */ = {
			isa = XCBuildConfiguration;
			buildSettings = {
				ALWAYS_SEARCH_USER_PATHS = NO;
				CLANG_ANALYZER_NONNULL = YES;
				CLANG_ANALYZER_NUMBER_OBJECT_CONVERSION = YES_AGGRESSIVE;
				CLANG_CXX_LANGUAGE_STANDARD = "gnu++17";
				CLANG_CXX_LIBRARY = "libc++";
				CLANG_ENABLE_MODULES = YES;
				CLANG_ENABLE_OBJC_ARC = YES;
				CLANG_ENABLE_OBJC_WEAK = YES;
				CLANG_WARN_BLOCK_CAPTURE_AUTORELEASING = YES;
				CLANG_WARN_BOOL_CONVERSION = YES;
				CLANG_WARN_COMMA = YES;
				CLANG_WARN_CONSTANT_CONVERSION = YES;
				CLANG_WARN_DEPRECATED_OBJC_IMPLEMENTATIONS = YES;
				CLANG_WARN_DIRECT_OBJC_ISA_USAGE = YES_ERROR;
				CLANG_WARN_DOCUMENTATION_COMMENTS = YES;
				CLANG_WARN_EMPTY_BODY = YES;
				CLANG_WARN_ENUM_CONVERSION = YES;
				CLANG_WARN_INFINITE_RECURSION = YES;
				CLANG_WARN_INT_CONVERSION = YES;
				CLANG_WARN_NON_LITERAL_NULL_CONVERSION = YES;
				CLANG_WARN_OBJC_IMPLICIT_RETAIN_SELF = YES;
				CLANG_WARN_OBJC_LITERAL_CONVERSION = YES;
				CLANG_WARN_OBJC_ROOT_CLASS = YES_ERROR;
				CLANG_WARN_QUOTED_INCLUDE_IN_FRAMEWORK_HEADER = YES;
				CLANG_WARN_RANGE_LOOP_ANALYSIS = YES;
				CLANG_WARN_STRICT_PROTOTYPES = YES;
				CLANG_WARN_SUSPICIOUS_MOVE = YES;
				CLANG_WARN_UNGUARDED_AVAILABILITY = YES_AGGRESSIVE;
				CLANG_WARN_UNREACHABLE_CODE = YES;
				CLANG_WARN__DUPLICATE_METHOD_MATCH = YES;
				COPY_PHASE_STRIP = NO;
				DEBUG_INFORMATION_FORMAT = "dwarf-with-dsym";
				ENABLE_NS_ASSERTIONS = NO;
				ENABLE_STRICT_OBJC_MSGSEND = YES;
				GCC_C_LANGUAGE_STANDARD = gnu11;
				GCC_NO_COMMON_BLOCKS = YES;
				GCC_WARN_64_TO_32_BIT_CONVERSION = YES;
				GCC_WARN_ABOUT_RETURN_TYPE = YES_ERROR;
				GCC_WARN_UNDECLARED_SELECTOR = YES;
				GCC_WARN_UNINITIALIZED_AUTOS = YES_AGGRESSIVE;
				GCC_WARN_UNUSED_FUNCTION = YES;
				GCC_WARN_UNUSED_VARIABLE = YES;
				IPHONEOS_DEPLOYMENT_TARGET = 15.0;
				MTL_ENABLE_DEBUG_INFO = NO;
				MTL_FAST_MATH = YES;
				SDKROOT = iphoneos;
				SWIFT_COMPILATION_MODE = wholemodule;
				SWIFT_OPTIMIZATION_LEVEL = "-O";
				VALIDATE_PRODUCT = YES;
			};
			name = Release;
		};
		5237422228B9039B003FAA47 /* Debug */ = {
			isa = XCBuildConfiguration;
			baseConfigurationReference = AB157861A9E3A36ED6100C18 /* Pods-SchoolTimetable.debug.xcconfig */;
			buildSettings = {
				ASSETCATALOG_COMPILER_APPICON_NAME = AppIcon;
				ASSETCATALOG_COMPILER_GLOBAL_ACCENT_COLOR_NAME = AccentColor;
				CODE_SIGN_STYLE = Automatic;
				CURRENT_PROJECT_VERSION = 1;
				DEVELOPMENT_TEAM = 553DP5SJ57;
				GENERATE_INFOPLIST_FILE = YES;
				INFOPLIST_FILE = SchoolTimetable/Info.plist;
				INFOPLIST_KEY_UIApplicationSupportsIndirectInputEvents = YES;
				INFOPLIST_KEY_UILaunchStoryboardName = LaunchScreen;
				INFOPLIST_KEY_UISupportedInterfaceOrientations_iPad = "UIInterfaceOrientationPortrait UIInterfaceOrientationPortraitUpsideDown UIInterfaceOrientationLandscapeLeft UIInterfaceOrientationLandscapeRight";
				INFOPLIST_KEY_UISupportedInterfaceOrientations_iPhone = "UIInterfaceOrientationPortrait UIInterfaceOrientationLandscapeLeft UIInterfaceOrientationLandscapeRight";
				IPHONEOS_DEPLOYMENT_TARGET = 13.0;
				LD_RUNPATH_SEARCH_PATHS = (
					"$(inherited)",
					"@executable_path/Frameworks",
				);
				MARKETING_VERSION = 1.0;
				PRODUCT_BUNDLE_IDENTIFIER = ASaidaxmad.SchoolTimetable;
				PRODUCT_NAME = "$(TARGET_NAME)";
				SWIFT_EMIT_LOC_STRINGS = YES;
				SWIFT_VERSION = 5.0;
				TARGETED_DEVICE_FAMILY = 1;
			};
			name = Debug;
		};
		5237422328B9039B003FAA47 /* Release */ = {
			isa = XCBuildConfiguration;
			baseConfigurationReference = E0B85047427947159FA3CAEB /* Pods-SchoolTimetable.release.xcconfig */;
			buildSettings = {
				ASSETCATALOG_COMPILER_APPICON_NAME = AppIcon;
				ASSETCATALOG_COMPILER_GLOBAL_ACCENT_COLOR_NAME = AccentColor;
				CODE_SIGN_STYLE = Automatic;
				CURRENT_PROJECT_VERSION = 1;
				DEVELOPMENT_TEAM = 553DP5SJ57;
				GENERATE_INFOPLIST_FILE = YES;
				INFOPLIST_FILE = SchoolTimetable/Info.plist;
				INFOPLIST_KEY_UIApplicationSupportsIndirectInputEvents = YES;
				INFOPLIST_KEY_UILaunchStoryboardName = LaunchScreen;
				INFOPLIST_KEY_UISupportedInterfaceOrientations_iPad = "UIInterfaceOrientationPortrait UIInterfaceOrientationPortraitUpsideDown UIInterfaceOrientationLandscapeLeft UIInterfaceOrientationLandscapeRight";
				INFOPLIST_KEY_UISupportedInterfaceOrientations_iPhone = "UIInterfaceOrientationPortrait UIInterfaceOrientationLandscapeLeft UIInterfaceOrientationLandscapeRight";
				IPHONEOS_DEPLOYMENT_TARGET = 13.0;
				LD_RUNPATH_SEARCH_PATHS = (
					"$(inherited)",
					"@executable_path/Frameworks",
				);
				MARKETING_VERSION = 1.0;
				PRODUCT_BUNDLE_IDENTIFIER = ASaidaxmad.SchoolTimetable;
				PRODUCT_NAME = "$(TARGET_NAME)";
				SWIFT_EMIT_LOC_STRINGS = YES;
				SWIFT_VERSION = 5.0;
				TARGETED_DEVICE_FAMILY = 1;
			};
			name = Release;
		};
/* End XCBuildConfiguration section */

/* Begin XCConfigurationList section */
		5237420828B9039A003FAA47 /* Build configuration list for PBXProject "SchoolTimetable" */ = {
			isa = XCConfigurationList;
			buildConfigurations = (
				5237421F28B9039B003FAA47 /* Debug */,
				5237422028B9039B003FAA47 /* Release */,
			);
			defaultConfigurationIsVisible = 0;
			defaultConfigurationName = Release;
		};
		5237422128B9039B003FAA47 /* Build configuration list for PBXNativeTarget "SchoolTimetable" */ = {
			isa = XCConfigurationList;
			buildConfigurations = (
				5237422228B9039B003FAA47 /* Debug */,
				5237422328B9039B003FAA47 /* Release */,
			);
			defaultConfigurationIsVisible = 0;
			defaultConfigurationName = Release;
		};
/* End XCConfigurationList section */
	};
	rootObject = 5237420528B9039A003FAA47 /* Project object */;
}
